
Microsoft Visual Studio Solution File, Format Version 11.00
# Visual Studio 2010
Project("{FAE04EC0-301F-11D3-BF4B-00C04F79EFBC}") = "WRCC Final Project", "WRCC Final Project\WRCC Final Project.csproj", "{8CE91D67-5135-44F2-90A3-59C562B76A3B}"
EndProject
Global
	GlobalSection(SolutionConfigurationPlatforms) = preSolution
		Debug|Any CPU = Debug|Any CPU
		Release|Any CPU = Release|Any CPU
	EndGlobalSection
	GlobalSection(ProjectConfigurationPlatforms) = postSolution
		{8CE91D67-5135-44F2-90A3-59C562B76A3B}.Debug|Any CPU.ActiveCfg = Debug|Any CPU
		{8CE91D67-5135-44F2-90A3-59C562B76A3B}.Debug|Any CPU.Build.0 = Debug|Any CPU
		{8CE91D67-5135-44F2-90A3-59C562B76A3B}.Release|Any CPU.ActiveCfg = Release|Any CPU
		{8CE91D67-5135-44F2-90A3-59C562B76A3B}.Release|Any CPU.Build.0 = Release|Any CPU
	EndGlobalSection
	GlobalSection(SolutionProperties) = preSolution
		HideSolutionNode = FALSE
	EndGlobalSection
EndGlobal
